
Microsoft Visual Studio Solution File, Format Version 12.00
# Visual Studio Version 16
VisualStudioVersion = 16.0.30907.101
MinimumVisualStudioVersion = 10.0.40219.1
Project("{2150E333-8FDC-42A3-9474-1A3956D46DE8}") = "src", "src", "{BA69B69C-C802-4077-B693-8845A154AD13}"
EndProject
Project("{2150E333-8FDC-42A3-9474-1A3956D46DE8}") = "test", "test", "{D0EC41DE-8A29-463D-8915-CB623E02CDA0}"
EndProject
Project("{9A19103F-16F7-4668-BE54-9A1E7A4F7556}") = "PlantUmlClassDiagramGenerator.Library", "src\PlantUmlClassDiagramGenerator.Library\PlantUmlClassDiagramGenerator.Library.csproj", "{F6D73496-8660-4A4C-B88A-470990897D7E}"
EndProject
Project("{9A19103F-16F7-4668-BE54-9A1E7A4F7556}") = "PlantUmlClassDiagramGenerator", "src\PlantUmlClassDiagramGenerator\PlantUmlClassDiagramGenerator.csproj", "{1575B814-EAF9-4DD2-9AB4-E8ECFDD58B2C}"
EndProject
Project("{9A19103F-16F7-4668-BE54-9A1E7A4F7556}") = "PlantUmlClassDiagramGeneratorTest", "test\PlantUmlClassDiagramGeneratorTest\PlantUmlClassDiagramGeneratorTest.csproj", "{1A5C78F0-D0E1-4146-A035-F13EF8BE542A}"
EndProject
Project("{2150E333-8FDC-42A3-9474-1A3956D46DE8}") = "Solution Items", "Solution Items", "{087C1D45-1710-4460-8C0D-91C76073A739}"
	ProjectSection(SolutionItems) = preProject
		README.md = README.md
	EndProjectSection
EndProject
Global
	GlobalSection(SolutionConfigurationPlatforms) = preSolution
		Debug|Any CPU = Debug|Any CPU
		Release|Any CPU = Release|Any CPU
	EndGlobalSection
	GlobalSection(ProjectConfigurationPlatforms) = postSolution
		{F6D73496-8660-4A4C-B88A-470990897D7E}.Debug|Any CPU.ActiveCfg = Debug|Any CPU
		{F6D73496-8660-4A4C-B88A-470990897D7E}.Debug|Any CPU.Build.0 = Debug|Any CPU
		{F6D73496-8660-4A4C-B88A-470990897D7E}.Release|Any CPU.ActiveCfg = Release|Any CPU
		{F6D73496-8660-4A4C-B88A-470990897D7E}.Release|Any CPU.Build.0 = Release|Any CPU
		{1575B814-EAF9-4DD2-9AB4-E8ECFDD58B2C}.Debug|Any CPU.ActiveCfg = Debug|Any CPU
		{1575B814-EAF9-4DD2-9AB4-E8ECFDD58B2C}.Debug|Any CPU.Build.0 = Debug|Any CPU
		{1575B814-EAF9-4DD2-9AB4-E8ECFDD58B2C}.Release|Any CPU.ActiveCfg = Release|Any CPU
		{1575B814-EAF9-4DD2-9AB4-E8ECFDD58B2C}.Release|Any CPU.Build.0 = Release|Any CPU
		{1A5C78F0-D0E1-4146-A035-F13EF8BE542A}.Debug|Any CPU.ActiveCfg = Debug|Any CPU
		{1A5C78F0-D0E1-4146-A035-F13EF8BE542A}.Debug|Any CPU.Build.0 = Debug|Any CPU
		{1A5C78F0-D0E1-4146-A035-F13EF8BE542A}.Release|Any CPU.ActiveCfg = Release|Any CPU
		{1A5C78F0-D0E1-4146-A035-F13EF8BE542A}.Release|Any CPU.Build.0 = Release|Any CPU
	EndGlobalSection
	GlobalSection(SolutionProperties) = preSolution
		HideSolutionNode = FALSE
	EndGlobalSection
	GlobalSection(NestedProjects) = preSolution
		{F6D73496-8660-4A4C-B88A-470990897D7E} = {BA69B69C-C802-4077-B693-8845A154AD13}
		{1575B814-EAF9-4DD2-9AB4-E8ECFDD58B2C} = {BA69B69C-C802-4077-B693-8845A154AD13}
		{1A5C78F0-D0E1-4146-A035-F13EF8BE542A} = {D0EC41DE-8A29-463D-8915-CB623E02CDA0}
	EndGlobalSection
	GlobalSection(ExtensibilityGlobals) = postSolution
		SolutionGuid = {F8F6C51C-3BD1-44B3-803A-176BCC69458E}
	EndGlobalSection
EndGlobal
